
Microsoft Visual Studio Solution File, Format Version 12.00
# Visual Studio 14
VisualStudioVersion = 14.0.25420.1
MinimumVisualStudioVersion = 10.0.40219.1
Project("{FAE04EC0-301F-11D3-BF4B-00C04F79EFBC}") = "DeltaMovies", "DeltaMovies\DeltaMovies.csproj", "{F14C1BE7-73CD-4AA5-9D60-DEA03D2875B2}"
EndProject
Project("{FAE04EC0-301F-11D3-BF4B-00C04F79EFBC}") = "DeltaxUnitTest", "DeltaxUnitTest\DeltaxUnitTest.csproj", "{714D4085-89AD-49E2-BCDB-5B32B5728255}"
EndProject
Global
	GlobalSection(SolutionConfigurationPlatforms) = preSolution
		Debug|Any CPU = Debug|Any CPU
		Release|Any CPU = Release|Any CPU
	EndGlobalSection
	GlobalSection(ProjectConfigurationPlatforms) = postSolution
		{F14C1BE7-73CD-4AA5-9D60-DEA03D2875B2}.Debug|Any CPU.ActiveCfg = Debug|Any CPU
		{F14C1BE7-73CD-4AA5-9D60-DEA03D2875B2}.Debug|Any CPU.Build.0 = Debug|Any CPU
		{F14C1BE7-73CD-4AA5-9D60-DEA03D2875B2}.Release|Any CPU.ActiveCfg = Release|Any CPU
		{F14C1BE7-73CD-4AA5-9D60-DEA03D2875B2}.Release|Any CPU.Build.0 = Release|Any CPU
		{714D4085-89AD-49E2-BCDB-5B32B5728255}.Debug|Any CPU.ActiveCfg = Debug|Any CPU
		{714D4085-89AD-49E2-BCDB-5B32B5728255}.Debug|Any CPU.Build.0 = Debug|Any CPU
		{714D4085-89AD-49E2-BCDB-5B32B5728255}.Release|Any CPU.ActiveCfg = Release|Any CPU
		{714D4085-89AD-49E2-BCDB-5B32B5728255}.Release|Any CPU.Build.0 = Release|Any CPU
	EndGlobalSection
	GlobalSection(SolutionProperties) = preSolution
		HideSolutionNode = FALSE
	EndGlobalSection
EndGlobal
